{
  "pins" : [
    {
      "identity" : "facebook-ios-sdk",
      "kind" : "remoteSourceControl",
      "location" : "https://github.com/facebook/facebook-ios-sdk.git",
      "state" : {
        "revision" : "a77ba210bf6534564ad4027fce2fef65babfadf8",
        "version" : "18.0.1"
      }
    }
  ],
  "version" : 2
}
